// !$*UTF8*$!
{
	archiveVersion = 1;
	classes = {
	};
	objectVersion = 46;
	objects = {

/* Begin PBXBuildFile section */
		EC3C85BE1C6104F8009DCC72 /* main.m in Sources */ = {isa = PBXBuildFile; fileRef = EC3C85BD1C6104F8009DCC72 /* main.m */; };
		EC3C85C11C6104F8009DCC72 /* AppDelegate.m in Sources */ = {isa = PBXBuildFile; fileRef = EC3C85C01C6104F8009DCC72 /* AppDelegate.m */; };
		EC3C85C41C6104F8009DCC72 /* PayPalTest.xcdatamodeld in Sources */ = {isa = PBXBuildFile; fileRef = EC3C85C21C6104F8009DCC72 /* PayPalTest.xcdatamodeld */; };
		EC3C85C71C6104F8009DCC72 /* ViewController.m in Sources */ = {isa = PBXBuildFile; fileRef = EC3C85C61C6104F8009DCC72 /* ViewController.m */; };
		EC3C85CA1C6104F8009DCC72 /* Main.storyboard in Resources */ = {isa = PBXBuildFile; fileRef = EC3C85C81C6104F8009DCC72 /* Main.storyboard */; };
		EC3C85CC1C6104F8009DCC72 /* Images.xcassets in Resources */ = {isa = PBXBuildFile; fileRef = EC3C85CB1C6104F8009DCC72 /* Images.xcassets */; };
		EC3C85CF1C6104F8009DCC72 /* LaunchScreen.xib in Resources */ = {isa = PBXBuildFile; fileRef = EC3C85CD1C6104F8009DCC72 /* LaunchScreen.xib */; };
		EC3C85DB1C6104F9009DCC72 /* PayPalTestTests.m in Sources */ = {isa = PBXBuildFile; fileRef = EC3C85DA1C6104F9009DCC72 /* PayPalTestTests.m */; };
		EC3C86091C612977009DCC72 /* Accelerate.framework in Frameworks */ = {isa = PBXBuildFile; fileRef = EC3C86001C612977009DCC72 /* Accelerate.framework */; };
		EC3C860A1C612977009DCC72 /* AudioToolbox.framework in Frameworks */ = {isa = PBXBuildFile; fileRef = EC3C86011C612977009DCC72 /* AudioToolbox.framework */; };
		EC3C860B1C612978009DCC72 /* AVFoundation.framework in Frameworks */ = {isa = PBXBuildFile; fileRef = EC3C86021C612977009DCC72 /* AVFoundation.framework */; };
		EC3C860C1C612978009DCC72 /* CoreLocation.framework in Frameworks */ = {isa = PBXBuildFile; fileRef = EC3C86031C612977009DCC72 /* CoreLocation.framework */; };
		EC3C860D1C612978009DCC72 /* CoreMedia.framework in Frameworks */ = {isa = PBXBuildFile; fileRef = EC3C86041C612977009DCC72 /* CoreMedia.framework */; };
		EC3C860E1C612978009DCC72 /* MessageUI.framework in Frameworks */ = {isa = PBXBuildFile; fileRef = EC3C86051C612977009DCC72 /* MessageUI.framework */; };
		EC3C860F1C612978009DCC72 /* MobileCoreServices.framework in Frameworks */ = {isa = PBXBuildFile; fileRef = EC3C86061C612977009DCC72 /* MobileCoreServices.framework */; };
		EC3C86101C612978009DCC72 /* SafariServices.framework in Frameworks */ = {isa = PBXBuildFile; fileRef = EC3C86071C612977009DCC72 /* SafariServices.framework */; };
		EC3C86111C612978009DCC72 /* SystemConfiguration.framework in Frameworks */ = {isa = PBXBuildFile; fileRef = EC3C86081C612977009DCC72 /* SystemConfiguration.framework */; };
		ECDFF08F1C6133CA00E96A10 /* libPayPalMobile.a in Frameworks */ = {isa = PBXBuildFile; fileRef = ECDFF0871C6133CA00E96A10 /* libPayPalMobile.a */; };
/* End PBXBuildFile section */

/* Begin PBXContainerItemProxy section */
		EC3C85D51C6104F9009DCC72 /* PBXContainerItemProxy */ = {
			isa = PBXContainerItemProxy;
			containerPortal = EC3C85B01C6104F8009DCC72 /* Project object */;
			proxyType = 1;
			remoteGlobalIDString = EC3C85B71C6104F8009DCC72;
			remoteInfo = PayPalTest;
		};
/* End PBXContainerItemProxy section */

/* Begin PBXFileReference section */
		EC3C85B81C6104F8009DCC72 /* PayPalTest.app */ = {isa = PBXFileReference; explicitFileType = wrapper.application; includeInIndex = 0; path = PayPalTest.app; sourceTree = BUILT_PRODUCTS_DIR; };
		EC3C85BC1C6104F8009DCC72 /* Info.plist */ = {isa = PBXFileReference; lastKnownFileType = text.plist.xml; path = Info.plist; sourceTree = "<group>"; };
		EC3C85BD1C6104F8009DCC72 /* main.m */ = {isa = PBXFileReference; lastKnownFileType = sourcecode.c.objc; path = main.m; sourceTree = "<group>"; };
		EC3C85BF1C6104F8009DCC72 /* AppDelegate.h */ = {isa = PBXFileReference; lastKnownFileType = sourcecode.c.h; path = AppDelegate.h; sourceTree = "<group>"; };
		EC3C85C01C6104F8009DCC72 /* AppDelegate.m */ = {isa = PBXFileReference; lastKnownFileType = sourcecode.c.objc; path = AppDelegate.m; sourceTree = "<group>"; };
		EC3C85C31C6104F8009DCC72 /* PayPalTest.xcdatamodel */ = {isa = PBXFileReference; lastKnownFileType = wrapper.xcdatamodel; path = PayPalTest.xcdatamodel; sourceTree = "<group>"; };
		EC3C85C51C6104F8009DCC72 /* ViewController.h */ = {isa = PBXFileReference; lastKnownFileType = sourcecode.c.h; path = ViewController.h; sourceTree = "<group>"; };
		EC3C85C61C6104F8009DCC72 /* ViewController.m */ = {isa = PBXFileReference; lastKnownFileType = sourcecode.c.objc; path = ViewController.m; sourceTree = "<group>"; };
		EC3C85C91C6104F8009DCC72 /* Base */ = {isa = PBXFileReference; lastKnownFileType = file.storyboard; name = Base; path = Base.lproj/Main.storyboard; sourceTree = "<group>"; };
		EC3C85CB1C6104F8009DCC72 /* Images.xcassets */ = {isa = PBXFileReference; lastKnownFileType = folder.assetcatalog; path = Images.xcassets; sourceTree = "<group>"; };
		EC3C85CE1C6104F8009DCC72 /* Base */ = {isa = PBXFileReference; lastKnownFileType = file.xib; name = Base; path = Base.lproj/LaunchScreen.xib; sourceTree = "<group>"; };
		EC3C85D41C6104F9009DCC72 /* PayPalTestTests.xctest */ = {isa = PBXFileReference; explicitFileType = wrapper.cfbundle; includeInIndex = 0; path = PayPalTestTests.xctest; sourceTree = BUILT_PRODUCTS_DIR; };
		EC3C85D91C6104F9009DCC72 /* Info.plist */ = {isa = PBXFileReference; lastKnownFileType = text.plist.xml; path = Info.plist; sourceTree = "<group>"; };
		EC3C85DA1C6104F9009DCC72 /* PayPalTestTests.m */ = {isa = PBXFileReference; lastKnownFileType = sourcecode.c.objc; path = PayPalTestTests.m; sourceTree = "<group>"; };
		EC3C86001C612977009DCC72 /* Accelerate.framework */ = {isa = PBXFileReference; lastKnownFileType = wrapper.framework; name = Accelerate.framework; path = System/Library/Frameworks/Accelerate.framework; sourceTree = SDKROOT; };
		EC3C86011C612977009DCC72 /* AudioToolbox.framework */ = {isa = PBXFileReference; lastKnownFileType = wrapper.framework; name = AudioToolbox.framework; path = System/Library/Frameworks/AudioToolbox.framework; sourceTree = SDKROOT; };
		EC3C86021C612977009DCC72 /* AVFoundation.framework */ = {isa = PBXFileReference; lastKnownFileType = wrapper.framework; name = AVFoundation.framework; path = System/Library/Frameworks/AVFoundation.framework; sourceTree = SDKROOT; };
		EC3C86031C612977009DCC72 /* CoreLocation.framework */ = {isa = PBXFileReference; lastKnownFileType = wrapper.framework; name = CoreLocation.framework; path = System/Library/Frameworks/CoreLocation.framework; sourceTree = SDKROOT; };
		EC3C86041C612977009DCC72 /* CoreMedia.framework */ = {isa = PBXFileReference; lastKnownFileType = wrapper.framework; name = CoreMedia.framework; path = System/Library/Frameworks/CoreMedia.framework; sourceTree = SDKROOT; };
		EC3C86051C612977009DCC72 /* MessageUI.framework */ = {isa = PBXFileReference; lastKnownFileType = wrapper.framework; name = MessageUI.framework; path = System/Library/Frameworks/MessageUI.framework; sourceTree = SDKROOT; };
		EC3C86061C612977009DCC72 /* MobileCoreServices.framework */ = {isa = PBXFileReference; lastKnownFileType = wrapper.framework; name = MobileCoreServices.framework; path = System/Library/Frameworks/MobileCoreServices.framework; sourceTree = SDKROOT; };
		EC3C86071C612977009DCC72 /* SafariServices.framework */ = {isa = PBXFileReference; lastKnownFileType = wrapper.framework; name = SafariServices.framework; path = System/Library/Frameworks/SafariServices.framework; sourceTree = SDKROOT; };
		EC3C86081C612977009DCC72 /* SystemConfiguration.framework */ = {isa = PBXFileReference; lastKnownFileType = wrapper.framework; name = SystemConfiguration.framework; path = System/Library/Frameworks/SystemConfiguration.framework; sourceTree = SDKROOT; };
		ECDFF07F1C6133CA00E96A10 /* CardIO.h */ = {isa = PBXFileReference; fileEncoding = 4; lastKnownFileType = sourcecode.c.h; path = CardIO.h; sourceTree = "<group>"; };
		ECDFF0801C6133CA00E96A10 /* CardIOCreditCardInfo.h */ = {isa = PBXFileReference; fileEncoding = 4; lastKnownFileType = sourcecode.c.h; path = CardIOCreditCardInfo.h; sourceTree = "<group>"; };
		ECDFF0811C6133CA00E96A10 /* CardIODetectionMode.h */ = {isa = PBXFileReference; fileEncoding = 4; lastKnownFileType = sourcecode.c.h; path = CardIODetectionMode.h; sourceTree = "<group>"; };
		ECDFF0821C6133CA00E96A10 /* CardIOPaymentViewController.h */ = {isa = PBXFileReference; fileEncoding = 4; lastKnownFileType = sourcecode.c.h; path = CardIOPaymentViewController.h; sourceTree = "<group>"; };
		ECDFF0831C6133CA00E96A10 /* CardIOPaymentViewControllerDelegate.h */ = {isa = PBXFileReference; fileEncoding = 4; lastKnownFileType = sourcecode.c.h; path = CardIOPaymentViewControllerDelegate.h; sourceTree = "<group>"; };
		ECDFF0841C6133CA00E96A10 /* CardIOUtilities.h */ = {isa = PBXFileReference; fileEncoding = 4; lastKnownFileType = sourcecode.c.h; path = CardIOUtilities.h; sourceTree = "<group>"; };
		ECDFF0851C6133CA00E96A10 /* CardIOView.h */ = {isa = PBXFileReference; fileEncoding = 4; lastKnownFileType = sourcecode.c.h; path = CardIOView.h; sourceTree = "<group>"; };
		ECDFF0861C6133CA00E96A10 /* CardIOViewDelegate.h */ = {isa = PBXFileReference; fileEncoding = 4; lastKnownFileType = sourcecode.c.h; path = CardIOViewDelegate.h; sourceTree = "<group>"; };
		ECDFF0871C6133CA00E96A10 /* libPayPalMobile.a */ = {isa = PBXFileReference; lastKnownFileType = archive.ar; path = libPayPalMobile.a; sourceTree = "<group>"; };
		ECDFF0881C6133CA00E96A10 /* PayPalConfiguration.h */ = {isa = PBXFileReference; fileEncoding = 4; lastKnownFileType = sourcecode.c.h; path = PayPalConfiguration.h; sourceTree = "<group>"; };
		ECDFF0891C6133CA00E96A10 /* PayPalFuturePaymentViewController.h */ = {isa = PBXFileReference; fileEncoding = 4; lastKnownFileType = sourcecode.c.h; path = PayPalFuturePaymentViewController.h; sourceTree = "<group>"; };
		ECDFF08A1C6133CA00E96A10 /* PayPalMobile.h */ = {isa = PBXFileReference; fileEncoding = 4; lastKnownFileType = sourcecode.c.h; path = PayPalMobile.h; sourceTree = "<group>"; };
		ECDFF08B1C6133CA00E96A10 /* PayPalOAuthScopes.h */ = {isa = PBXFileReference; fileEncoding = 4; lastKnownFileType = sourcecode.c.h; path = PayPalOAuthScopes.h; sourceTree = "<group>"; };
		ECDFF08C1C6133CA00E96A10 /* PayPalPayment.h */ = {isa = PBXFileReference; fileEncoding = 4; lastKnownFileType = sourcecode.c.h; path = PayPalPayment.h; sourceTree = "<group>"; };
		ECDFF08D1C6133CA00E96A10 /* PayPalPaymentViewController.h */ = {isa = PBXFileReference; fileEncoding = 4; lastKnownFileType = sourcecode.c.h; path = PayPalPaymentViewController.h; sourceTree = "<group>"; };
		ECDFF08E1C6133CA00E96A10 /* PayPalProfileSharingViewController.h */ = {isa = PBXFileReference; fileEncoding = 4; lastKnownFileType = sourcecode.c.h; path = PayPalProfileSharingViewController.h; sourceTree = "<group>"; };
/* End PBXFileReference section */

/* Begin PBXFrameworksBuildPhase section */
		EC3C85B51C6104F8009DCC72 /* Frameworks */ = {
			isa = PBXFrameworksBuildPhase;
			buildActionMask = 2147483647;
			files = (
				EC3C86101C612978009DCC72 /* SafariServices.framework in Frameworks */,
				EC3C86091C612977009DCC72 /* Accelerate.framework in Frameworks */,
				EC3C860A1C612977009DCC72 /* AudioToolbox.framework in Frameworks */,
				EC3C860B1C612978009DCC72 /* AVFoundation.framework in Frameworks */,
				EC3C860C1C612978009DCC72 /* CoreLocation.framework in Frameworks */,
				EC3C860D1C612978009DCC72 /* CoreMedia.framework in Frameworks */,
				EC3C860E1C612978009DCC72 /* MessageUI.framework in Frameworks */,
				EC3C860F1C612978009DCC72 /* MobileCoreServices.framework in Frameworks */,
				ECDFF08F1C6133CA00E96A10 /* libPayPalMobile.a in Frameworks */,
				EC3C86111C612978009DCC72 /* SystemConfiguration.framework in Frameworks */,
			);
			runOnlyForDeploymentPostprocessing = 0;
		};
		EC3C85D11C6104F9009DCC72 /* Frameworks */ = {
			isa = PBXFrameworksBuildPhase;
			buildActionMask = 2147483647;
			files = (
			);
			runOnlyForDeploymentPostprocessing = 0;
		};
/* End PBXFrameworksBuildPhase section */

/* Begin PBXGroup section */
		EC3C85AF1C6104F8009DCC72 = {
			isa = PBXGroup;
			children = (
				ECDFF07E1C6133CA00E96A10 /* PayPalMobile */,
				EC3C86001C612977009DCC72 /* Accelerate.framework */,
				EC3C86011C612977009DCC72 /* AudioToolbox.framework */,
				EC3C86021C612977009DCC72 /* AVFoundation.framework */,
				EC3C86031C612977009DCC72 /* CoreLocation.framework */,
				EC3C86041C612977009DCC72 /* CoreMedia.framework */,
				EC3C86051C612977009DCC72 /* MessageUI.framework */,
				EC3C86061C612977009DCC72 /* MobileCoreServices.framework */,
				EC3C86071C612977009DCC72 /* SafariServices.framework */,
				EC3C86081C612977009DCC72 /* SystemConfiguration.framework */,
				EC3C85BA1C6104F8009DCC72 /* PayPalTest */,
				EC3C85D71C6104F9009DCC72 /* PayPalTestTests */,
				EC3C85B91C6104F8009DCC72 /* Products */,
			);
			sourceTree = "<group>";
		};
		EC3C85B91C6104F8009DCC72 /* Products */ = {
			isa = PBXGroup;
			children = (
				EC3C85B81C6104F8009DCC72 /* PayPalTest.app */,
				EC3C85D41C6104F9009DCC72 /* PayPalTestTests.xctest */,
			);
			name = Products;
			sourceTree = "<group>";
		};
		EC3C85BA1C6104F8009DCC72 /* PayPalTest */ = {
			isa = PBXGroup;
			children = (
				EC3C85BF1C6104F8009DCC72 /* AppDelegate.h */,
				EC3C85C01C6104F8009DCC72 /* AppDelegate.m */,
				EC3C85C51C6104F8009DCC72 /* ViewController.h */,
				EC3C85C61C6104F8009DCC72 /* ViewController.m */,
				EC3C85C81C6104F8009DCC72 /* Main.storyboard */,
				EC3C85CB1C6104F8009DCC72 /* Images.xcassets */,
				EC3C85CD1C6104F8009DCC72 /* LaunchScreen.xib */,
				EC3C85C21C6104F8009DCC72 /* PayPalTest.xcdatamodeld */,
				EC3C85BB1C6104F8009DCC72 /* Supporting Files */,
			);
			path = PayPalTest;
			sourceTree = "<group>";
		};
		EC3C85BB1C6104F8009DCC72 /* Supporting Files */ = {
			isa = PBXGroup;
			children = (
				EC3C85BC1C6104F8009DCC72 /* Info.plist */,
				EC3C85BD1C6104F8009DCC72 /* main.m */,
			);
			name = "Supporting Files";
			sourceTree = "<group>";
		};
		EC3C85D71C6104F9009DCC72 /* PayPalTestTests */ = {
			isa = PBXGroup;
			children = (
				EC3C85DA1C6104F9009DCC72 /* PayPalTestTests.m */,
				EC3C85D81C6104F9009DCC72 /* Supporting Files */,
			);
			path = PayPalTestTests;
			sourceTree = "<group>";
		};
		EC3C85D81C6104F9009DCC72 /* Supporting Files */ = {
			isa = PBXGroup;
			children = (
				EC3C85D91C6104F9009DCC72 /* Info.plist */,
			);
			name = "Supporting Files";
			sourceTree = "<group>";
		};
		ECDFF07E1C6133CA00E96A10 /* PayPalMobile */ = {
			isa = PBXGroup;
			children = (
				ECDFF07F1C6133CA00E96A10 /* CardIO.h */,
				ECDFF0801C6133CA00E96A10 /* CardIOCreditCardInfo.h */,
				ECDFF0811C6133CA00E96A10 /* CardIODetectionMode.h */,
				ECDFF0821C6133CA00E96A10 /* CardIOPaymentViewController.h */,
				ECDFF0831C6133CA00E96A10 /* CardIOPaymentViewControllerDelegate.h */,
				ECDFF0841C6133CA00E96A10 /* CardIOUtilities.h */,
				ECDFF0851C6133CA00E96A10 /* CardIOView.h */,
				ECDFF0861C6133CA00E96A10 /* CardIOViewDelegate.h */,
				ECDFF0871C6133CA00E96A10 /* libPayPalMobile.a */,
				ECDFF0881C6133CA00E96A10 /* PayPalConfiguration.h */,
				ECDFF0891C6133CA00E96A10 /* PayPalFuturePaymentViewController.h */,
				ECDFF08A1C6133CA00E96A10 /* PayPalMobile.h */,
				ECDFF08B1C6133CA00E96A10 /* PayPalOAuthScopes.h */,
				ECDFF08C1C6133CA00E96A10 /* PayPalPayment.h */,
				ECDFF08D1C6133CA00E96A10 /* PayPalPaymentViewController.h */,
				ECDFF08E1C6133CA00E96A10 /* PayPalProfileSharingViewController.h */,
			);
			path = PayPalMobile;
			sourceTree = "<group>";
		};
/* End PBXGroup section */

/* Begin PBXNativeTarget section */
		EC3C85B71C6104F8009DCC72 /* PayPalTest */ = {
			isa = PBXNativeTarget;
			buildConfigurationList = EC3C85DE1C6104F9009DCC72 /* Build configuration list for PBXNativeTarget "PayPalTest" */;
			buildPhases = (
				EC3C85B41C6104F8009DCC72 /* Sources */,
				EC3C85B61C6104F8009DCC72 /* Resources */,
				EC3C85B51C6104F8009DCC72 /* Frameworks */,
			);
			buildRules = (
			);
			dependencies = (
			);
			name = PayPalTest;
			productName = PayPalTest;
			productReference = EC3C85B81C6104F8009DCC72 /* PayPalTest.app */;
			productType = "com.apple.product-type.application";
		};
		EC3C85D31C6104F9009DCC72 /* PayPalTestTests */ = {
			isa = PBXNativeTarget;
			buildConfigurationList = EC3C85E11C6104F9009DCC72 /* Build configuration list for PBXNativeTarget "PayPalTestTests" */;
			buildPhases = (
				EC3C85D01C6104F9009DCC72 /* Sources */,
				EC3C85D11C6104F9009DCC72 /* Frameworks */,
				EC3C85D21C6104F9009DCC72 /* Resources */,
			);
			buildRules = (
			);
			dependencies = (
				EC3C85D61C6104F9009DCC72 /* PBXTargetDependency */,
			);
			name = PayPalTestTests;
			productName = PayPalTestTests;
			productReference = EC3C85D41C6104F9009DCC72 /* PayPalTestTests.xctest */;
			productType = "com.apple.product-type.bundle.unit-test";
		};
/* End PBXNativeTarget section */

/* Begin PBXProject section */
		EC3C85B01C6104F8009DCC72 /* Project object */ = {
			isa = PBXProject;
			attributes = {
				LastUpgradeCheck = 0630;
				ORGANIZATIONNAME = andrei;
				TargetAttributes = {
					EC3C85B71C6104F8009DCC72 = {
						CreatedOnToolsVersion = 6.3.2;
					};
					EC3C85D31C6104F9009DCC72 = {
						CreatedOnToolsVersion = 6.3.2;
						TestTargetID = EC3C85B71C6104F8009DCC72;
					};
				};
			};
			buildConfigurationList = EC3C85B31C6104F8009DCC72 /* Build configuration list for PBXProject "PayPalTest" */;
			compatibilityVersion = "Xcode 3.2";
			developmentRegion = English;
			hasScannedForEncodings = 0;
			knownRegions = (
				en,
				Base,
			);
			mainGroup = EC3C85AF1C6104F8009DCC72;
			productRefGroup = EC3C85B91C6104F8009DCC72 /* Products */;
			projectDirPath = "";
			projectRoot = "";
			targets = (
				EC3C85B71C6104F8009DCC72 /* PayPalTest */,
				EC3C85D31C6104F9009DCC72 /* PayPalTestTests */,
			);
		};
/* End PBXProject section */

/* Begin PBXResourcesBuildPhase section */
		EC3C85B61C6104F8009DCC72 /* Resources */ = {
			isa = PBXResourcesBuildPhase;
			buildActionMask = 2147483647;
			files = (
				EC3C85CA1C6104F8009DCC72 /* Main.storyboard in Resources */,
				EC3C85CF1C6104F8009DCC72 /* LaunchScreen.xib in Resources */,
				EC3C85CC1C6104F8009DCC72 /* Images.xcassets in Resources */,
			);
			runOnlyForDeploymentPostprocessing = 0;
		};
		EC3C85D21C6104F9009DCC72 /* Resources */ = {
			isa = PBXResourcesBuildPhase;
			buildActionMask = 2147483647;
			files = (
			);
			runOnlyForDeploymentPostprocessing = 0;
		};
/* End PBXResourcesBuildPhase section */

/* Begin PBXSourcesBuildPhase section */
		EC3C85B41C6104F8009DCC72 /* Sources */ = {
			isa = PBXSourcesBuildPhase;
			buildActionMask = 2147483647;
			files = (
				EC3C85C41C6104F8009DCC72 /* PayPalTest.xcdatamodeld in Sources */,
				EC3C85C11C6104F8009DCC72 /* AppDelegate.m in Sources */,
				EC3C85C71C6104F8009DCC72 /* ViewController.m in Sources */,
				EC3C85BE1C6104F8009DCC72 /* main.m in Sources */,
			);
			runOnlyForDeploymentPostprocessing = 0;
		};
		EC3C85D01C6104F9009DCC72 /* Sources */ = {
			isa = PBXSourcesBuildPhase;
			buildActionMask = 2147483647;
			files = (
				EC3C85DB1C6104F9009DCC72 /* PayPalTestTests.m in Sources */,
			);
			runOnlyForDeploymentPostprocessing = 0;
		};
/* End PBXSourcesBuildPhase section */

/* Begin PBXTargetDependency section */
		EC3C85D61C6104F9009DCC72 /* PBXTargetDependency */ = {
			isa = PBXTargetDependency;
			target = EC3C85B71C6104F8009DCC72 /* PayPalTest */;
			targetProxy = EC3C85D51C6104F9009DCC72 /* PBXContainerItemProxy */;
		};
/* End PBXTargetDependency section */

/* Begin PBXVariantGroup section */
		EC3C85C81C6104F8009DCC72 /* Main.storyboard */ = {
			isa = PBXVariantGroup;
			children = (
				EC3C85C91C6104F8009DCC72 /* Base */,
			);
			name = Main.storyboard;
			sourceTree = "<group>";
		};
		EC3C85CD1C6104F8009DCC72 /* LaunchScreen.xib */ = {
			isa = PBXVariantGroup;
			children = (
				EC3C85CE1C6104F8009DCC72 /* Base */,
			);
			name = LaunchScreen.xib;
			sourceTree = "<group>";
		};
/* End PBXVariantGroup section */

/* Begin XCBuildConfiguration section */
		EC3C85DC1C6104F9009DCC72 /* Debug */ = {
			isa = XCBuildConfiguration;
			buildSettings = {
				ALWAYS_SEARCH_USER_PATHS = NO;
				CLANG_CXX_LANGUAGE_STANDARD = "gnu++0x";
				CLANG_CXX_LIBRARY = "libc++";
				CLANG_ENABLE_MODULES = YES;
				CLANG_ENABLE_OBJC_ARC = YES;
				CLANG_WARN_BOOL_CONVERSION = YES;
				CLANG_WARN_CONSTANT_CONVERSION = YES;
				CLANG_WARN_DIRECT_OBJC_ISA_USAGE = YES_ERROR;
				CLANG_WARN_EMPTY_BODY = YES;
				CLANG_WARN_ENUM_CONVERSION = YES;
				CLANG_WARN_INT_CONVERSION = YES;
				CLANG_WARN_OBJC_ROOT_CLASS = YES_ERROR;
				CLANG_WARN_UNREACHABLE_CODE = YES;
				CLANG_WARN__DUPLICATE_METHOD_MATCH = YES;
				"CODE_SIGN_IDENTITY[sdk=iphoneos*]" = "iPhone Developer";
				COPY_PHASE_STRIP = NO;
				DEBUG_INFORMATION_FORMAT = "dwarf-with-dsym";
				ENABLE_STRICT_OBJC_MSGSEND = YES;
				GCC_C_LANGUAGE_STANDARD = gnu99;
				GCC_DYNAMIC_NO_PIC = NO;
				GCC_NO_COMMON_BLOCKS = YES;
				GCC_OPTIMIZATION_LEVEL = 0;
				GCC_PREPROCESSOR_DEFINITIONS = (
					"DEBUG=1",
					"$(inherited)",
				);
				GCC_SYMBOLS_PRIVATE_EXTERN = NO;
				GCC_WARN_64_TO_32_BIT_CONVERSION = YES;
				GCC_WARN_ABOUT_RETURN_TYPE = YES_ERROR;
				GCC_WARN_UNDECLARED_SELECTOR = YES;
				GCC_WARN_UNINITIALIZED_AUTOS = YES_AGGRESSIVE;
				GCC_WARN_UNUSED_FUNCTION = YES;
				GCC_WARN_UNUSED_VARIABLE = YES;
				IPHONEOS_DEPLOYMENT_TARGET = 8.3;
				MTL_ENABLE_DEBUG_INFO = YES;
				ONLY_ACTIVE_ARCH = YES;
				SDKROOT = iphoneos;
			};
			name = Debug;
		};
		EC3C85DD1C6104F9009DCC72 /* Release */ = {
			isa = XCBuildConfiguration;
			buildSettings = {
				ALWAYS_SEARCH_USER_PATHS = NO;
				CLANG_CXX_LANGUAGE_STANDARD = "gnu++0x";
				CLANG_CXX_LIBRARY = "libc++";
				CLANG_ENABLE_MODULES = YES;
				CLANG_ENABLE_OBJC_ARC = YES;
				CLANG_WARN_BOOL_CONVERSION = YES;
				CLANG_WARN_CONSTANT_CONVERSION = YES;
				CLANG_WARN_DIRECT_OBJC_ISA_USAGE = YES_ERROR;
				CLANG_WARN_EMPTY_BODY = YES;
				CLANG_WARN_ENUM_CONVERSION = YES;
				CLANG_WARN_INT_CONVERSION = YES;
				CLANG_WARN_OBJC_ROOT_CLASS = YES_ERROR;
				CLANG_WARN_UNREACHABLE_CODE = YES;
				CLANG_WARN__DUPLICATE_METHOD_MATCH = YES;
				"CODE_SIGN_IDENTITY[sdk=iphoneos*]" = "iPhone Developer";
				COPY_PHASE_STRIP = NO;
				DEBUG_INFORMATION_FORMAT = "dwarf-with-dsym";
				ENABLE_NS_ASSERTIONS = NO;
				ENABLE_STRICT_OBJC_MSGSEND = YES;
				GCC_C_LANGUAGE_STANDARD = gnu99;
				GCC_NO_COMMON_BLOCKS = YES;
				GCC_WARN_64_TO_32_BIT_CONVERSION = YES;
				GCC_WARN_ABOUT_RETURN_TYPE = YES_ERROR;
				GCC_WARN_UNDECLARED_SELECTOR = YES;
				GCC_WARN_UNINITIALIZED_AUTOS = YES_AGGRESSIVE;
				GCC_WARN_UNUSED_FUNCTION = YES;
				GCC_WARN_UNUSED_VARIABLE = YES;
				IPHONEOS_DEPLOYMENT_TARGET = 8.3;
				MTL_ENABLE_DEBUG_INFO = NO;
				SDKROOT = iphoneos;
				VALIDATE_PRODUCT = YES;
			};
			name = Release;
		};
		EC3C85DF1C6104F9009DCC72 /* Debug */ = {
			isa = XCBuildConfiguration;
			buildSettings = {
				ASSETCATALOG_COMPILER_APPICON_NAME = AppIcon;
				INFOPLIST_FILE = PayPalTest/Info.plist;
				LD_RUNPATH_SEARCH_PATHS = "$(inherited) @executable_path/Frameworks";
				LIBRARY_SEARCH_PATHS = (
					"$(inherited)",
					"$(PROJECT_DIR)/PayPalMobile",
					"$(PROJECT_DIR)/CardIO",
				);
				"OTHER_LDFLAGS[arch=*]" = (
					"-lc++",
					"-ObjC",
				);
				PRODUCT_NAME = "$(TARGET_NAME)";
			};
			name = Debug;
		};
		EC3C85E01C6104F9009DCC72 /* Release */ = {
			isa = XCBuildConfiguration;
			buildSettings = {
				ASSETCATALOG_COMPILER_APPICON_NAME = AppIcon;
				INFOPLIST_FILE = PayPalTest/Info.plist;
				LD_RUNPATH_SEARCH_PATHS = "$(inherited) @executable_path/Frameworks";
				LIBRARY_SEARCH_PATHS = (
					"$(inherited)",
					"$(PROJECT_DIR)/PayPalMobile",
					"$(PROJECT_DIR)/CardIO",
				);
				"OTHER_LDFLAGS[arch=*]" = (
					"-lc++",
					"-ObjC",
				);
				PRODUCT_NAME = "$(TARGET_NAME)";
			};
			name = Release;
		};
		EC3C85E21C6104F9009DCC72 /* Debug */ = {
			isa = XCBuildConfiguration;
			buildSettings = {
				BUNDLE_LOADER = "$(TEST_HOST)";
				FRAMEWORK_SEARCH_PATHS = (
					"$(SDKROOT)/Developer/Library/Frameworks",
					"$(inherited)",
				);
				GCC_PREPROCESSOR_DEFINITIONS = (
					"DEBUG=1",
					"$(inherited)",
				);
				INFOPLIST_FILE = PayPalTestTests/Info.plist;
				LD_RUNPATH_SEARCH_PATHS = "$(inherited) @executable_path/Frameworks @loader_path/Frameworks";
				PRODUCT_NAME = "$(TARGET_NAME)";
				TEST_HOST = "$(BUILT_PRODUCTS_DIR)/PayPalTest.app/PayPalTest";
			};
			name = Debug;
		};
		EC3C85E31C6104F9009DCC72 /* Release */ = {
			isa = XCBuildConfiguration;
			buildSettings = {
				BUNDLE_LOADER = "$(TEST_HOST)";
				FRAMEWORK_SEARCH_PATHS = (
					"$(SDKROOT)/Developer/Library/Frameworks",
					"$(inherited)",
				);
				INFOPLIST_FILE = PayPalTestTests/Info.plist;
				LD_RUNPATH_SEARCH_PATHS = "$(inherited) @executable_path/Frameworks @loader_path/Frameworks";
				PRODUCT_NAME = "$(TARGET_NAME)";
				TEST_HOST = "$(BUILT_PRODUCTS_DIR)/PayPalTest.app/PayPalTest";
			};
			name = Release;
		};
/* End XCBuildConfiguration section */

/* Begin XCConfigurationList section */
		EC3C85B31C6104F8009DCC72 /* Build configuration list for PBXProject "PayPalTest" */ = {
			isa = XCConfigurationList;
			buildConfigurations = (
				EC3C85DC1C6104F9009DCC72 /* Debug */,
				EC3C85DD1C6104F9009DCC72 /* Release */,
			);
			defaultConfigurationIsVisible = 0;
			defaultConfigurationName = Release;
		};
		EC3C85DE1C6104F9009DCC72 /* Build configuration list for PBXNativeTarget "PayPalTest" */ = {
			isa = XCConfigurationList;
			buildConfigurations = (
				EC3C85DF1C6104F9009DCC72 /* Debug */,
				EC3C85E01C6104F9009DCC72 /* Release */,
			);
			defaultConfigurationIsVisible = 0;
			defaultConfigurationName = Release;
		};
		EC3C85E11C6104F9009DCC72 /* Build configuration list for PBXNativeTarget "PayPalTestTests" */ = {
			isa = XCConfigurationList;
			buildConfigurations = (
				EC3C85E21C6104F9009DCC72 /* Debug */,
				EC3C85E31C6104F9009DCC72 /* Release */,
			);
			defaultConfigurationIsVisible = 0;
			defaultConfigurationName = Release;
		};
/* End XCConfigurationList section */

/* Begin XCVersionGroup section */
		EC3C85C21C6104F8009DCC72 /* PayPalTest.xcdatamodeld */ = {
			isa = XCVersionGroup;
			children = (
				EC3C85C31C6104F8009DCC72 /* PayPalTest.xcdatamodel */,
			);
			currentVersion = EC3C85C31C6104F8009DCC72 /* PayPalTest.xcdatamodel */;
			path = PayPalTest.xcdatamodeld;
			sourceTree = "<group>";
			versionGroupType = wrapper.xcdatamodel;
		};
/* End XCVersionGroup section */
	};
	rootObject = EC3C85B01C6104F8009DCC72 /* Project object */;
}
